PODS:
  - Flutter (1.0.0)
  - integration_test (0.0.1):
    - Flutter
  - mars_logging_darwin (0.0.1):
    - Flutter
    - FlutterMacOS
    - OpenSSL-Universal (~> 1.0)
  - OpenSSL-Universal (1.1.2301)
  - path_provider_foundation (0.0.1):
    - Flutter
    - FlutterMacOS

DEPENDENCIES:
  - Flutter (from `Flutter`)
  - integration_test (from `.symlinks/plugins/integration_test/ios`)
  - mars_logging_darwin (from `.symlinks/plugins/mars_logging_darwin/darwin`)
  - path_provider_foundation (from `.symlinks/plugins/path_provider_foundation/darwin`)

SPEC REPOS:
  trunk:
    - OpenSSL-Universal

EXTERNAL SOURCES:
  Flutter:
    :path: Flutter
  integration_test:
    :path: ".symlinks/plugins/integration_test/ios"
  mars_logging_darwin:
    :path: ".symlinks/plugins/mars_logging_darwin/darwin"
  path_provider_foundation:
    :path: ".symlinks/plugins/path_provider_foundation/darwin"

SPEC CHECKSUMS:
  Flutter: e0871f40cf51350855a761d2e70bf5af5b9b5de7
  integration_test: 252f60fa39af5e17c3aa9899d35d908a0721b573
  mars_logging_darwin: 1ea2e32eb51bd3f37f3f20396c2e3b4eed41c559
  OpenSSL-Universal: ca89c20240633a77c776082ba76b7d90f992bf77
  path_provider_foundation: 2b6b4c569c0fb62ec74538f866245ac84301af46

PODFILE CHECKSUM: 4305caec6b40dde0ae97be1573c53de1882a07e5

COCOAPODS: 1.16.2
