PODS:
  - FlutterMacOS (1.0.0)
  - mars_logging_darwin (0.0.1):
    - Flutter
    - FlutterMacOS
    - OpenSSL-Universal (~> 1.0)
  - OpenSSL-Universal (1.1.2301)

DEPENDENCIES:
  - FlutterMacOS (from `Flutter/ephemeral`)
  - mars_logging_darwin (from `Flutter/ephemeral/.symlinks/plugins/mars_logging_darwin/darwin`)

SPEC REPOS:
  trunk:
    - OpenSSL-Universal

EXTERNAL SOURCES:
  FlutterMacOS:
    :path: Flutter/ephemeral
  mars_logging_darwin:
    :path: Flutter/ephemeral/.symlinks/plugins/mars_logging_darwin/darwin

SPEC CHECKSUMS:
  FlutterMacOS: 8f6f14fa908a6fb3fba0cd85dbd81ec4b251fb24
  mars_logging_darwin: 1ea2e32eb51bd3f37f3f20396c2e3b4eed41c559
  OpenSSL-Universal: ca89c20240633a77c776082ba76b7d90f992bf77

PODFILE CHECKSUM: 7eb978b976557c8c1cd717d8185ec483fd090a82

COCOAPODS: 1.16.2
