PODS:
  - FlutterMacOS (1.0.0)
  - mars_logging (0.0.1):
    - Flutter
    - FlutterMacOS
    - OpenSSL-Universal (~> 1.0)
  - OpenSSL-Universal (1.1.2301)
  - path_provider_foundation (0.0.1):
    - Flutter
    - FlutterMacOS

DEPENDENCIES:
  - FlutterMacOS (from `Flutter/ephemeral`)
  - mars_logging (from `Flutter/ephemeral/.symlinks/plugins/mars_logging/darwin`)
  - path_provider_foundation (from `Flutter/ephemeral/.symlinks/plugins/path_provider_foundation/darwin`)

SPEC REPOS:
  trunk:
    - OpenSSL-Universal

EXTERNAL SOURCES:
  FlutterMacOS:
    :path: Flutter/ephemeral
  mars_logging:
    :path: Flutter/ephemeral/.symlinks/plugins/mars_logging/darwin
  path_provider_foundation:
    :path: Flutter/ephemeral/.symlinks/plugins/path_provider_foundation/darwin

SPEC CHECKSUMS:
  FlutterMacOS: 8f6f14fa908a6fb3fba0cd85dbd81ec4b251fb24
  mars_logging: f401376eefc2323944928efd2618ebca9c687e20
  OpenSSL-Universal: ca89c20240633a77c776082ba76b7d90f992bf77
  path_provider_foundation: 080d55be775b7414fd5a5ef3ac137b97b097e564

PODFILE CHECKSUM: 7eb978b976557c8c1cd717d8185ec483fd090a82

COCOAPODS: 1.16.2
